{
  "name": "psrxjs",
  "version": "1.0.0",
  "lockfileVersion": 1,
  "requires": true,
  "dependencies": {
    "angular": {
      "version": "1.7.9",
      "resolved": "https://registry.npmjs.org/angular/-/angular-1.7.9.tgz",
      "integrity": "sha512-5se7ZpcOtu0MBFlzGv5dsM1quQDoDeUTwZrWjGtTNA7O88cD8TEk5IEKCTDa3uECV9XnvKREVUr7du1ACiWGFQ=="
    },
    "angular-mocks": {
      "version": "1.7.9",
      "resolved": "https://registry.npmjs.org/angular-mocks/-/angular-mocks-1.7.9.tgz",
      "integrity": "sha512-LQRqqiV3sZ7NTHBnNmLT0bXtE5e81t97+hkJ56oU0k3dqKv1s6F+nBWRlOVzqHWPGFOiPS8ZJVdrS8DFzHyNIA=="
    }
  }
}
